
Microsoft Visual Studio Solution File, Format Version 12.00
# Visual Studio Version 16
VisualStudioVersion = 16.0.30114.105
MinimumVisualStudioVersion = 10.0.40219.1
Project("{FAE04EC0-301F-11D3-BF4B-00C04F79EFBC}") = "ApiAppFunction", "ApiAppFunction\ApiAppFunction.csproj", "{55036C06-C558-410C-9A83-2165D87552DD}"
EndProject
Global
	GlobalSection(SolutionConfigurationPlatforms) = preSolution
		Debug|Any CPU = Debug|Any CPU
		Release|Any CPU = Release|Any CPU
	EndGlobalSection
	GlobalSection(ProjectConfigurationPlatforms) = postSolution
		{55036C06-C558-410C-9A83-2165D87552DD}.Debug|Any CPU.ActiveCfg = Debug|Any CPU
		{55036C06-C558-410C-9A83-2165D87552DD}.Debug|Any CPU.Build.0 = Debug|Any CPU
		{55036C06-C558-410C-9A83-2165D87552DD}.Release|Any CPU.ActiveCfg = Release|Any CPU
		{55036C06-C558-410C-9A83-2165D87552DD}.Release|Any CPU.Build.0 = Release|Any CPU
	EndGlobalSection
	GlobalSection(SolutionProperties) = preSolution
		HideSolutionNode = FALSE
	EndGlobalSection
	GlobalSection(ExtensibilityGlobals) = postSolution
		SolutionGuid = {1EFE9770-9FD8-4C20-A1F2-48275EA9A4A9}
	EndGlobalSection
EndGlobal
